
Microsoft Visual Studio Solution File, Format Version 12.00
# Visual Studio Version 16
VisualStudioVersion = 16.0.32602.291
MinimumVisualStudioVersion = 10.0.40219.1
Project("{FAE04EC0-301F-11D3-BF4B-00C04F79EFBC}") = "Task1", "Task1\Task1.csproj", "{44108950-2DE0-419E-955F-6E3C97A71BCC}"
EndProject
Project("{FAE04EC0-301F-11D3-BF4B-00C04F79EFBC}") = "Task2", "Task2\Task2.csproj", "{C5963A73-34FA-48B6-9CD0-A385D7A1D24B}"
EndProject
Global
	GlobalSection(SolutionConfigurationPlatforms) = preSolution
		Debug|Any CPU = Debug|Any CPU
		Release|Any CPU = Release|Any CPU
	EndGlobalSection
	GlobalSection(ProjectConfigurationPlatforms) = postSolution
		{44108950-2DE0-419E-955F-6E3C97A71BCC}.Debug|Any CPU.ActiveCfg = Debug|Any CPU
		{44108950-2DE0-419E-955F-6E3C97A71BCC}.Debug|Any CPU.Build.0 = Debug|Any CPU
		{44108950-2DE0-419E-955F-6E3C97A71BCC}.Release|Any CPU.ActiveCfg = Release|Any CPU
		{44108950-2DE0-419E-955F-6E3C97A71BCC}.Release|Any CPU.Build.0 = Release|Any CPU
		{C5963A73-34FA-48B6-9CD0-A385D7A1D24B}.Debug|Any CPU.ActiveCfg = Debug|Any CPU
		{C5963A73-34FA-48B6-9CD0-A385D7A1D24B}.Debug|Any CPU.Build.0 = Debug|Any CPU
		{C5963A73-34FA-48B6-9CD0-A385D7A1D24B}.Release|Any CPU.ActiveCfg = Release|Any CPU
		{C5963A73-34FA-48B6-9CD0-A385D7A1D24B}.Release|Any CPU.Build.0 = Release|Any CPU
	EndGlobalSection
	GlobalSection(SolutionProperties) = preSolution
		HideSolutionNode = FALSE
	EndGlobalSection
	GlobalSection(ExtensibilityGlobals) = postSolution
		SolutionGuid = {333EF9FF-4D76-45B7-8F93-BAC9C4F7DDC7}
	EndGlobalSection
EndGlobal
